
Microsoft Visual Studio Solution File, Format Version 12.00
# Visual Studio Version 17
VisualStudioVersion = 17.7.34202.233
MinimumVisualStudioVersion = 10.0.40219.1
Project("{FAE04EC0-301F-11D3-BF4B-00C04F79EFBC}") = "practice01_03", "practice01_03\practice01_03.csproj", "{F84BC7EB-9F61-4D59-A241-5595041A3A47}"
EndProject
Project("{FAE04EC0-301F-11D3-BF4B-00C04F79EFBC}") = "Domain", "Domain\Domain.csproj", "{89626E27-DF7C-425C-95BB-9699642BC021}"
EndProject
Project("{FAE04EC0-301F-11D3-BF4B-00C04F79EFBC}") = "Data", "Data\Data.csproj", "{D4B48D2C-7EE3-452F-91BA-7BAF2B3C0ACE}"
EndProject
Global
	GlobalSection(SolutionConfigurationPlatforms) = preSolution
		Debug|Any CPU = Debug|Any CPU
		Release|Any CPU = Release|Any CPU
	EndGlobalSection
	GlobalSection(ProjectConfigurationPlatforms) = postSolution
		{F84BC7EB-9F61-4D59-A241-5595041A3A47}.Debug|Any CPU.ActiveCfg = Debug|Any CPU
		{F84BC7EB-9F61-4D59-A241-5595041A3A47}.Debug|Any CPU.Build.0 = Debug|Any CPU
		{F84BC7EB-9F61-4D59-A241-5595041A3A47}.Release|Any CPU.ActiveCfg = Release|Any CPU
		{F84BC7EB-9F61-4D59-A241-5595041A3A47}.Release|Any CPU.Build.0 = Release|Any CPU
		{89626E27-DF7C-425C-95BB-9699642BC021}.Debug|Any CPU.ActiveCfg = Debug|Any CPU
		{89626E27-DF7C-425C-95BB-9699642BC021}.Debug|Any CPU.Build.0 = Debug|Any CPU
		{89626E27-DF7C-425C-95BB-9699642BC021}.Release|Any CPU.ActiveCfg = Release|Any CPU
		{89626E27-DF7C-425C-95BB-9699642BC021}.Release|Any CPU.Build.0 = Release|Any CPU
		{D4B48D2C-7EE3-452F-91BA-7BAF2B3C0ACE}.Debug|Any CPU.ActiveCfg = Debug|Any CPU
		{D4B48D2C-7EE3-452F-91BA-7BAF2B3C0ACE}.Debug|Any CPU.Build.0 = Debug|Any CPU
		{D4B48D2C-7EE3-452F-91BA-7BAF2B3C0ACE}.Release|Any CPU.ActiveCfg = Release|Any CPU
		{D4B48D2C-7EE3-452F-91BA-7BAF2B3C0ACE}.Release|Any CPU.Build.0 = Release|Any CPU
	EndGlobalSection
	GlobalSection(SolutionProperties) = preSolution
		HideSolutionNode = FALSE
	EndGlobalSection
	GlobalSection(ExtensibilityGlobals) = postSolution
		SolutionGuid = {F6C95677-4819-4ED1-ABE0-B4016FE4848E}
	EndGlobalSection
EndGlobal
